
Microsoft Visual Studio Solution File, Format Version 12.00
# Visual Studio 15
VisualStudioVersion = 15.0.28010.2016
MinimumVisualStudioVersion = 10.0.40219.1
Project("{FAE04EC0-301F-11D3-BF4B-00C04F79EFBC}") = "Balivo.Microservices.Core", "Balivo.Microservices.Core\Balivo.Microservices.Core.csproj", "{DF29BAAE-D879-4B3B-8781-4C5CD5CFBC2E}"
EndProject
Global
	GlobalSection(SolutionConfigurationPlatforms) = preSolution
		Debug|Any CPU = Debug|Any CPU
		Release|Any CPU = Release|Any CPU
	EndGlobalSection
	GlobalSection(ProjectConfigurationPlatforms) = postSolution
		{DF29BAAE-D879-4B3B-8781-4C5CD5CFBC2E}.Debug|Any CPU.ActiveCfg = Debug|Any CPU
		{DF29BAAE-D879-4B3B-8781-4C5CD5CFBC2E}.Debug|Any CPU.Build.0 = Debug|Any CPU
		{DF29BAAE-D879-4B3B-8781-4C5CD5CFBC2E}.Release|Any CPU.ActiveCfg = Release|Any CPU
		{DF29BAAE-D879-4B3B-8781-4C5CD5CFBC2E}.Release|Any CPU.Build.0 = Release|Any CPU
	EndGlobalSection
	GlobalSection(SolutionProperties) = preSolution
		HideSolutionNode = FALSE
	EndGlobalSection
	GlobalSection(ExtensibilityGlobals) = postSolution
		SolutionGuid = {2C9AEA48-8CC5-4ACB-9750-F243421E34FA}
	EndGlobalSection
EndGlobal
